
Microsoft Visual Studio Solution File, Format Version 12.00
# Visual Studio Version 16
VisualStudioVersion = 25.0.1705.6
MinimumVisualStudioVersion = 10.0.40219.1
Project("{FAE04EC0-301F-11D3-BF4B-00C04F79EFBC}") = "Room Calculator", "Room Calculator\Room Calculator.csproj", "{A3A19602-D89F-40FD-9754-353D1F9FCBF1}"
EndProject
Global
	GlobalSection(SolutionConfigurationPlatforms) = preSolution
		Debug|Any CPU = Debug|Any CPU
		Release|Any CPU = Release|Any CPU
	EndGlobalSection
	GlobalSection(ProjectConfigurationPlatforms) = postSolution
		{A3A19602-D89F-40FD-9754-353D1F9FCBF1}.Debug|Any CPU.ActiveCfg = Debug|Any CPU
		{A3A19602-D89F-40FD-9754-353D1F9FCBF1}.Debug|Any CPU.Build.0 = Debug|Any CPU
		{A3A19602-D89F-40FD-9754-353D1F9FCBF1}.Release|Any CPU.ActiveCfg = Release|Any CPU
		{A3A19602-D89F-40FD-9754-353D1F9FCBF1}.Release|Any CPU.Build.0 = Release|Any CPU
	EndGlobalSection
	GlobalSection(SolutionProperties) = preSolution
		HideSolutionNode = FALSE
	EndGlobalSection
	GlobalSection(ExtensibilityGlobals) = postSolution
		SolutionGuid = {92A8AABB-86E9-4F17-A49F-D67556FD67F8}
	EndGlobalSection
EndGlobal
